
Microsoft Visual Studio Solution File, Format Version 12.00
# Visual Studio Version 16
VisualStudioVersion = 16.0.30711.63
MinimumVisualStudioVersion = 10.0.40219.1
Project("{9A19103F-16F7-4668-BE54-9A1E7A4F7556}") = "DataAccess", "DataAccess\DataAccess.csproj", "{ACEFA2CD-0CA5-46A8-90BF-BC72F2B4D35B}"
EndProject
Project("{9A19103F-16F7-4668-BE54-9A1E7A4F7556}") = "Business", "Business\Business.csproj", "{47FC04BE-DACE-46D6-B8EE-CBD64C06B0D5}"
EndProject
Project("{9A19103F-16F7-4668-BE54-9A1E7A4F7556}") = "Entities", "Entities\Entities.csproj", "{8778C1DD-D121-483E-B828-22F988B7C913}"
EndProject
Project("{9A19103F-16F7-4668-BE54-9A1E7A4F7556}") = "ConsoleUI", "ConsoleUI\ConsoleUI.csproj", "{A19AD4A3-5606-42D6-93E2-EFC934656F44}"
EndProject
Project("{FAE04EC0-301F-11D3-BF4B-00C04F79EFBC}") = "Core", "Core\Core.csproj", "{8F361F65-A3B0-49CB-A0F0-83B1E7C4F01C}"
EndProject
Global
	GlobalSection(SolutionConfigurationPlatforms) = preSolution
		Debug|Any CPU = Debug|Any CPU
		Release|Any CPU = Release|Any CPU
	EndGlobalSection
	GlobalSection(ProjectConfigurationPlatforms) = postSolution
		{ACEFA2CD-0CA5-46A8-90BF-BC72F2B4D35B}.Debug|Any CPU.ActiveCfg = Debug|Any CPU
		{ACEFA2CD-0CA5-46A8-90BF-BC72F2B4D35B}.Debug|Any CPU.Build.0 = Debug|Any CPU
		{ACEFA2CD-0CA5-46A8-90BF-BC72F2B4D35B}.Release|Any CPU.ActiveCfg = Release|Any CPU
		{ACEFA2CD-0CA5-46A8-90BF-BC72F2B4D35B}.Release|Any CPU.Build.0 = Release|Any CPU
		{47FC04BE-DACE-46D6-B8EE-CBD64C06B0D5}.Debug|Any CPU.ActiveCfg = Debug|Any CPU
		{47FC04BE-DACE-46D6-B8EE-CBD64C06B0D5}.Debug|Any CPU.Build.0 = Debug|Any CPU
		{47FC04BE-DACE-46D6-B8EE-CBD64C06B0D5}.Release|Any CPU.ActiveCfg = Release|Any CPU
		{47FC04BE-DACE-46D6-B8EE-CBD64C06B0D5}.Release|Any CPU.Build.0 = Release|Any CPU
		{8778C1DD-D121-483E-B828-22F988B7C913}.Debug|Any CPU.ActiveCfg = Debug|Any CPU
		{8778C1DD-D121-483E-B828-22F988B7C913}.Debug|Any CPU.Build.0 = Debug|Any CPU
		{8778C1DD-D121-483E-B828-22F988B7C913}.Release|Any CPU.ActiveCfg = Release|Any CPU
		{8778C1DD-D121-483E-B828-22F988B7C913}.Release|Any CPU.Build.0 = Release|Any CPU
		{A19AD4A3-5606-42D6-93E2-EFC934656F44}.Debug|Any CPU.ActiveCfg = Debug|Any CPU
		{A19AD4A3-5606-42D6-93E2-EFC934656F44}.Debug|Any CPU.Build.0 = Debug|Any CPU
		{A19AD4A3-5606-42D6-93E2-EFC934656F44}.Release|Any CPU.ActiveCfg = Release|Any CPU
		{A19AD4A3-5606-42D6-93E2-EFC934656F44}.Release|Any CPU.Build.0 = Release|Any CPU
		{8F361F65-A3B0-49CB-A0F0-83B1E7C4F01C}.Debug|Any CPU.ActiveCfg = Debug|Any CPU
		{8F361F65-A3B0-49CB-A0F0-83B1E7C4F01C}.Debug|Any CPU.Build.0 = Debug|Any CPU
		{8F361F65-A3B0-49CB-A0F0-83B1E7C4F01C}.Release|Any CPU.ActiveCfg = Release|Any CPU
		{8F361F65-A3B0-49CB-A0F0-83B1E7C4F01C}.Release|Any CPU.Build.0 = Release|Any CPU
	EndGlobalSection
	GlobalSection(SolutionProperties) = preSolution
		HideSolutionNode = FALSE
	EndGlobalSection
	GlobalSection(ExtensibilityGlobals) = postSolution
		SolutionGuid = {0DAE3654-40FD-4A98-99DD-A2EEFCD60618}
	EndGlobalSection
EndGlobal
